// !$*UTF8*$!
{
	archiveVersion = 1;
	classes = {
	};
	objectVersion = 39;
	objects = {
		0249A665FF388DC511CA2CEA = {
			explicitFileType = wrapper.application;
			isa = PBXFileReference;
			path = Comical.app;
			refType = 3;
			sourceTree = BUILT_PRODUCTS_DIR;
		};
//020
//021
//022
//023
//024
//040
//041
//042
//043
//044
		04313892FE3035C9C02AAC07 = {
			buildActionMask = 2147483647;
			files = (
			);
			isa = PBXRezBuildPhase;
			runOnlyForDeploymentPostprocessing = 0;
		};
//040
//041
//042
//043
//044
//050
//051
//052
//053
//054
		05952DFCFFF02D1B11CA0E50 = {
			buildSettings = {
				COPY_PHASE_STRIP = NO;
				GCC_DYNAMIC_NO_PIC = NO;
				GCC_ENABLE_FIX_AND_CONTINUE = YES;
				GCC_GENERATE_DEBUGGING_SYMBOLS = YES;
				GCC_OPTIMIZATION_LEVEL = 0;
				OPTIMIZATION_CFLAGS = "-O0";
				ZERO_LINK = YES;
			};
			isa = PBXBuildStyle;
			name = Development;
		};
		05952DFDFFF02D1B11CA0E50 = {
			buildSettings = {
				COPY_PHASE_STRIP = YES;
				GCC_ENABLE_FIX_AND_CONTINUE = NO;
				ZERO_LINK = NO;
			};
			isa = PBXBuildStyle;
			name = Deployment;
		};
//050
//051
//052
//053
//054
//190
//191
//192
//193
//194
		195DF8C9FE9D4F0611CA2CBB = {
			children = (
				0249A665FF388DC511CA2CEA,
			);
			isa = PBXGroup;
			name = Products;
			refType = 4;
			sourceTree = "<group>";
		};
//190
//191
//192
//193
//194
//200
//201
//202
//203
//204
		20286C28FDCF999611CA2CEA = {
			buildSettings = {
			};
			buildStyles = (
				05952DFCFFF02D1B11CA0E50,
				05952DFDFFF02D1B11CA0E50,
			);
			hasScannedForEncodings = 0;
			isa = PBXProject;
			mainGroup = 20286C29FDCF999611CA2CEA;
			projectDirPath = "";
			targets = (
				20286C34FDCF999611CA2CEA,
			);
		};
		20286C29FDCF999611CA2CEA = {
			children = (
				D473E24E07E90CD400318A30,
				D473E24F07E90CD400318A30,
				D45592C207E69E8B001881E8,
				20286C2AFDCF999611CA2CEA,
				20286C2CFDCF999611CA2CEA,
				20286C32FDCF999611CA2CEA,
				195DF8C9FE9D4F0611CA2CBB,
			);
			isa = PBXGroup;
			name = "¬´PROJECTNAME¬ª";
			path = "";
			refType = 4;
			sourceTree = "<group>";
		};
		20286C2AFDCF999611CA2CEA = {
			children = (
				D45D9B1C09608E9100C0D459,
				D45D9B1D09608E9100C0D459,
				D4725A4D093562660094768B,
				D4725A4E093562660094768B,
				D487109809203E8800F112CF,
				D487109909203E8800F112CF,
				D4582FF508AAD149007DD6F9,
				D45592B607E69E73001881E8,
				D45592B907E69E73001881E8,
				D45592BA07E69E73001881E8,
				D45592AE07E69E59001881E8,
				D45592AF07E69E59001881E8,
				F70D16A2056C429001B74F27,
				F70D16A3056C429001B74F27,
				F70D16A4056C429001B74F27,
				F70D16A5056C429001B74F27,
				F70D16A6056C429001B74F27,
				F70D16A7056C429001B74F27,
				F70D16A8056C429001B74F27,
				F70D16A9056C429001B74F27,
			);
			isa = PBXGroup;
			name = Sources;
			path = "";
			refType = 4;
			sourceTree = "<group>";
		};
		20286C2CFDCF999611CA2CEA = {
			children = (
			);
			isa = PBXGroup;
			name = Resources;
			path = "";
			refType = 4;
			sourceTree = "<group>";
		};
		20286C32FDCF999611CA2CEA = {
			children = (
				D4AB356B096C4C03004C8398,
				D47336B008F60FAD00968436,
				D47336A508F60E2700968436,
				D45830A008AAD3A6007DD6F9,
				D45830A108AAD3A6007DD6F9,
				D45830A208AAD3A6007DD6F9,
				D458309908AAD36A007DD6F9,
				D4444B6B085271940018BD68,
				D473E31307E90F8C00318A30,
				D473E27107E90E6700318A30,
				D4508E6A07E7CB440029AD21,
			);
			isa = PBXGroup;
			name = "External Frameworks and Libraries";
			path = "";
			refType = 4;
			sourceTree = "<group>";
		};
		20286C34FDCF999611CA2CEA = {
			buildPhases = (
				20286C35FDCF999611CA2CEA,
				20286C36FDCF999611CA2CEA,
				20286C38FDCF999611CA2CEA,
				20286C3BFDCF999611CA2CEA,
				04313892FE3035C9C02AAC07,
			);
			buildSettings = {
				FRAMEWORK_SEARCH_PATHS = "";
				HEADER_SEARCH_PATHS = "/usr/local/lib/wx/include/mac-ansi-release-static-2.6 /usr/local/include/wx-2.6 unrar unzip";
				LIBRARY_SEARCH_PATHS = "unrar unzip";
				OPTIMIZATION_CFLAGS = "-O0";
				OTHER_CFLAGS = "\U0001-D__WXMAC__ -D_FILE_OFFSET_BITS=64 -D_LARGE_FILES -mcpu=750 -DBIG_ENDIAN -D_LARGEFILE_SOURCE -D_BSD_COMPAT -D_UNIX -DNO_GCC_PRAGMA";
				OTHER_REZFLAGS = "\U0001";
				PREBINDING = NO;
				PRODUCT_NAME = Comical;
				SECTORDER_FLAGS = "";
				WARNING_CFLAGS = "-Wall -Wmost -Wno-four-char-constants -Wno-unknown-pragmas";
				WRAPPER_EXTENSION = app;
			};
			dependencies = (
			);
			isa = PBXApplicationTarget;
			name = Comical;
			productName = "¬´PROJECTNAME¬ª";
			productReference = 0249A665FF388DC511CA2CEA;
			productSettingsXML = "<?xml version=\"1.0\" encoding=\"UTF-8\"?>
<!DOCTYPE plist PUBLIC \"-//Apple Computer//DTD PLIST 1.0//EN\" \"http://www.apple.com/DTDs/PropertyList-1.0.dtd\">
<plist version=\"1.0\">
<dict>
	<key>CFBundleDevelopmentRegion</key>
	<string>English</string>
	<key>CFBundleDocumentTypes</key>
	<array>
		<dict>
			<key>CFBundleTypeExtensions</key>
			<array>
				<string>cbr</string>
			</array>
			<key>CFBundleTypeIconFile</key>
			<string>cbr.icns</string>
			<key>CFBundleTypeName</key>
			<string>Comic Book RAR</string>
			<key>CFBundleTypeRole</key>
			<string>Viewer</string>
		</dict>
		<dict>
			<key>CFBundleTypeExtensions</key>
			<array>
				<string>cbz</string>
			</array>
			<key>CFBundleTypeIconFile</key>
			<string>cbz.icns</string>
			<key>CFBundleTypeName</key>
			<string>Comic Book ZIP</string>
			<key>CFBundleTypeRole</key>
			<string>Viewer</string>
		</dict>
	</array>
	<key>CFBundleExecutable</key>
	<string>Comical</string>
	<key>CFBundleGetInfoString</key>
	<string>Comical version 0.8, Copyright (c) 2003-2006 James Athey</string>
	<key>CFBundleIconFile</key>
	<string>comical.icns</string>
	<key>CFBundleInfoDictionaryVersion</key>
	<string>6.0</string>
	<key>CFBundleName</key>
	<string>Comical</string>
	<key>CFBundlePackageType</key>
	<string>APPL</string>
	<key>CFBundleShortVersionString</key>
	<string>Comical 0.8</string>
	<key>CFBundleVersion</key>
	<string>0.8</string>
	<key>CSResourcesFileMapped</key>
	<true/>
</dict>
</plist>
";
		};
		20286C35FDCF999611CA2CEA = {
			buildActionMask = 2147483647;
			files = (
				F70D16AB056C429001B74F27,
				F70D16AD056C429001B74F27,
				F70D16AF056C429001B74F27,
				F70D16B1056C429001B74F27,
				D45592B307E69E59001881E8,
				D45592BC07E69E73001881E8,
				D45592C007E69E73001881E8,
				D4582FF608AAD149007DD6F9,
				D487109B09203E8800F112CF,
				D4725A50093562660094768B,
				D45D9B1F09608E9100C0D459,
			);
			isa = PBXHeadersBuildPhase;
			runOnlyForDeploymentPostprocessing = 0;
		};
		20286C36FDCF999611CA2CEA = {
			buildActionMask = 2147483647;
			files = (
				D45592C307E69E8B001881E8,
				D473E25007E90CD400318A30,
				D473E25107E90CD400318A30,
			);
			isa = PBXResourcesBuildPhase;
			runOnlyForDeploymentPostprocessing = 0;
		};
		20286C38FDCF999611CA2CEA = {
			buildActionMask = 2147483647;
			files = (
				F70D16AA056C429001B74F27,
				F70D16AC056C429001B74F27,
				F70D16AE056C429001B74F27,
				F70D16B0056C429001B74F27,
				D45592B207E69E59001881E8,
				D45592BF07E69E73001881E8,
				D487109A09203E8800F112CF,
				D4725A4F093562660094768B,
				D45D9B1E09608E9100C0D459,
			);
			isa = PBXSourcesBuildPhase;
			runOnlyForDeploymentPostprocessing = 0;
		};
		20286C3BFDCF999611CA2CEA = {
			buildActionMask = 2147483647;
			files = (
				D4508E6B07E7CB440029AD21,
				D473E27207E90E6700318A30,
				D473E31407E90F8C00318A30,
				D4444B6C085271940018BD68,
				D458309A08AAD36A007DD6F9,
				D45830A308AAD3A6007DD6F9,
				D45830A408AAD3A6007DD6F9,
				D45830A508AAD3A6007DD6F9,
				D47336A608F60E2700968436,
				D47336B108F60FAD00968436,
				D4AB356C096C4C03004C8398,
			);
			isa = PBXFrameworksBuildPhase;
			runOnlyForDeploymentPostprocessing = 0;
		};
//200
//201
//202
//203
//204
//D40
//D41
//D42
//D43
//D44
		D4444B6B085271940018BD68 = {
			isa = PBXFileReference;
			lastKnownFileType = archive.ar;
			name = libunrar.a;
			path = unrar/libunrar.a;
			refType = 4;
			sourceTree = "<group>";
		};
		D4444B6C085271940018BD68 = {
			fileRef = D4444B6B085271940018BD68;
			isa = PBXBuildFile;
			settings = {
			};
		};
		D4508E6A07E7CB440029AD21 = {
			isa = PBXFileReference;
			lastKnownFileType = "compiled.mach-o.dylib";
			name = libiconv.dylib;
			path = /usr/lib/libiconv.dylib;
			refType = 0;
			sourceTree = "<absolute>";
		};
		D4508E6B07E7CB440029AD21 = {
			fileRef = D4508E6A07E7CB440029AD21;
			isa = PBXBuildFile;
			settings = {
			};
		};
		D45592AE07E69E59001881E8 = {
			fileEncoding = 30;
			isa = PBXFileReference;
			lastKnownFileType = sourcecode.cpp.cpp;
			name = ComicalCanvas.cpp;
			path = src/ComicalCanvas.cpp;
			refType = 4;
			sourceTree = "<group>";
		};
		D45592AF07E69E59001881E8 = {
			fileEncoding = 30;
			isa = PBXFileReference;
			lastKnownFileType = sourcecode.c.h;
			name = ComicalCanvas.h;
			path = src/ComicalCanvas.h;
			refType = 4;
			sourceTree = "<group>";
		};
		D45592B207E69E59001881E8 = {
			fileRef = D45592AE07E69E59001881E8;
			isa = PBXBuildFile;
			settings = {
			};
		};
		D45592B307E69E59001881E8 = {
			fileRef = D45592AF07E69E59001881E8;
			isa = PBXBuildFile;
			settings = {
			};
		};
		D45592B607E69E73001881E8 = {
			fileEncoding = 30;
			isa = PBXFileReference;
			lastKnownFileType = sourcecode.c.h;
			name = Filters.h;
			path = src/Filters.h;
			refType = 4;
			sourceTree = "<group>";
		};
		D45592B907E69E73001881E8 = {
			fileEncoding = 30;
			isa = PBXFileReference;
			lastKnownFileType = sourcecode.cpp.cpp;
			name = Resize.cpp;
			path = src/Resize.cpp;
			refType = 4;
			sourceTree = "<group>";
		};
		D45592BA07E69E73001881E8 = {
			fileEncoding = 30;
			isa = PBXFileReference;
			lastKnownFileType = sourcecode.c.h;
			name = Resize.h;
			path = src/Resize.h;
			refType = 4;
			sourceTree = "<group>";
		};
		D45592BC07E69E73001881E8 = {
			fileRef = D45592B607E69E73001881E8;
			isa = PBXBuildFile;
			settings = {
			};
		};
		D45592BF07E69E73001881E8 = {
			fileRef = D45592B907E69E73001881E8;
			isa = PBXBuildFile;
			settings = {
			};
		};
		D45592C007E69E73001881E8 = {
			fileRef = D45592BA07E69E73001881E8;
			isa = PBXBuildFile;
			settings = {
			};
		};
		D45592C207E69E8B001881E8 = {
			isa = PBXFileReference;
			lastKnownFileType = image.icns;
			name = comical.icns;
			path = "Comical Icons/comical.icns";
			refType = 4;
			sourceTree = "<group>";
		};
		D45592C307E69E8B001881E8 = {
			fileRef = D45592C207E69E8B001881E8;
			isa = PBXBuildFile;
			settings = {
			};
		};
		D4582FF508AAD149007DD6F9 = {
			fileEncoding = 30;
			isa = PBXFileReference;
			lastKnownFileType = sourcecode.c.h;
			name = Exceptions.h;
			path = src/Exceptions.h;
			refType = 4;
			sourceTree = "<group>";
		};
		D4582FF608AAD149007DD6F9 = {
			fileRef = D4582FF508AAD149007DD6F9;
			isa = PBXBuildFile;
			settings = {
			};
		};
		D458309908AAD36A007DD6F9 = {
			isa = PBXFileReference;
			lastKnownFileType = wrapper.framework;
			name = IOKit.framework;
			path = /System/Library/Frameworks/IOKit.framework;
			refType = 0;
			sourceTree = "<absolute>";
		};
		D458309A08AAD36A007DD6F9 = {
			fileRef = D458309908AAD36A007DD6F9;
			isa = PBXBuildFile;
			settings = {
			};
		};
		D45830A008AAD3A6007DD6F9 = {
			isa = PBXFileReference;
			lastKnownFileType = archive.ar;
			name = "libwxjpeg-2.6.a";
			path = "/usr/local/lib/libwxjpeg-2.6.a";
			refType = 0;
			sourceTree = "<absolute>";
		};
		D45830A108AAD3A6007DD6F9 = {
			isa = PBXFileReference;
			lastKnownFileType = archive.ar;
			name = "libwxpng-2.6.a";
			path = "/usr/local/lib/libwxpng-2.6.a";
			refType = 0;
			sourceTree = "<absolute>";
		};
		D45830A208AAD3A6007DD6F9 = {
			isa = PBXFileReference;
			lastKnownFileType = archive.ar;
			name = "libwxtiff-2.6.a";
			path = "/usr/local/lib/libwxtiff-2.6.a";
			refType = 0;
			sourceTree = "<absolute>";
		};
		D45830A308AAD3A6007DD6F9 = {
			fileRef = D45830A008AAD3A6007DD6F9;
			isa = PBXBuildFile;
			settings = {
			};
		};
		D45830A408AAD3A6007DD6F9 = {
			fileRef = D45830A108AAD3A6007DD6F9;
			isa = PBXBuildFile;
			settings = {
			};
		};
		D45830A508AAD3A6007DD6F9 = {
			fileRef = D45830A208AAD3A6007DD6F9;
			isa = PBXBuildFile;
			settings = {
			};
		};
		D45D9B1C09608E9100C0D459 = {
			fileEncoding = 30;
			isa = PBXFileReference;
			lastKnownFileType = sourcecode.cpp.cpp;
			name = ComicalFrame.cpp;
			path = src/ComicalFrame.cpp;
			refType = 4;
			sourceTree = "<group>";
		};
		D45D9B1D09608E9100C0D459 = {
			fileEncoding = 30;
			isa = PBXFileReference;
			lastKnownFileType = sourcecode.c.h;
			name = ComicalFrame.h;
			path = src/ComicalFrame.h;
			refType = 4;
			sourceTree = "<group>";
		};
		D45D9B1E09608E9100C0D459 = {
			fileRef = D45D9B1C09608E9100C0D459;
			isa = PBXBuildFile;
			settings = {
			};
		};
		D45D9B1F09608E9100C0D459 = {
			fileRef = D45D9B1D09608E9100C0D459;
			isa = PBXBuildFile;
			settings = {
			};
		};
		D4725A4D093562660094768B = {
			fileEncoding = 30;
			isa = PBXFileReference;
			lastKnownFileType = sourcecode.cpp.cpp;
			name = ComicalBrowser.cpp;
			path = src/ComicalBrowser.cpp;
			refType = 4;
			sourceTree = "<group>";
		};
		D4725A4E093562660094768B = {
			fileEncoding = 30;
			isa = PBXFileReference;
			lastKnownFileType = sourcecode.c.h;
			name = ComicalBrowser.h;
			path = src/ComicalBrowser.h;
			refType = 4;
			sourceTree = "<group>";
		};
		D4725A4F093562660094768B = {
			fileRef = D4725A4D093562660094768B;
			isa = PBXBuildFile;
			settings = {
			};
		};
		D4725A50093562660094768B = {
			fileRef = D4725A4E093562660094768B;
			isa = PBXBuildFile;
			settings = {
			};
		};
		D47336A508F60E2700968436 = {
			isa = PBXFileReference;
			lastKnownFileType = wrapper.framework;
			name = Carbon.framework;
			path = /System/Library/Frameworks/Carbon.framework;
			refType = 0;
			sourceTree = "<absolute>";
		};
		D47336A608F60E2700968436 = {
			fileRef = D47336A508F60E2700968436;
			isa = PBXBuildFile;
			settings = {
			};
		};
		D47336B008F60FAD00968436 = {
			isa = PBXFileReference;
			lastKnownFileType = archive.ar;
			name = "libwx_mac-2.6.a";
			path = "/usr/local/lib/libwx_mac-2.6.a";
			refType = 0;
			sourceTree = "<absolute>";
		};
		D47336B108F60FAD00968436 = {
			fileRef = D47336B008F60FAD00968436;
			isa = PBXBuildFile;
			settings = {
			};
		};
		D473E24E07E90CD400318A30 = {
			isa = PBXFileReference;
			lastKnownFileType = image.icns;
			name = cbr.icns;
			path = "Comical Icons/cbr.icns";
			refType = 4;
			sourceTree = "<group>";
		};
		D473E24F07E90CD400318A30 = {
			isa = PBXFileReference;
			lastKnownFileType = image.icns;
			name = cbz.icns;
			path = "Comical Icons/cbz.icns";
			refType = 4;
			sourceTree = "<group>";
		};
		D473E25007E90CD400318A30 = {
			fileRef = D473E24E07E90CD400318A30;
			isa = PBXBuildFile;
			settings = {
			};
		};
		D473E25107E90CD400318A30 = {
			fileRef = D473E24F07E90CD400318A30;
			isa = PBXBuildFile;
			settings = {
			};
		};
		D473E27107E90E6700318A30 = {
			isa = PBXFileReference;
			lastKnownFileType = "compiled.mach-o.dylib";
			name = libpthread.dylib;
			path = /usr/lib/libpthread.dylib;
			refType = 0;
			sourceTree = "<absolute>";
		};
		D473E27207E90E6700318A30 = {
			fileRef = D473E27107E90E6700318A30;
			isa = PBXBuildFile;
			settings = {
			};
		};
		D473E31307E90F8C00318A30 = {
			isa = PBXFileReference;
			lastKnownFileType = "compiled.mach-o.dylib";
			name = libz.dylib;
			path = /usr/lib/libz.dylib;
			refType = 0;
			sourceTree = "<absolute>";
		};
		D473E31407E90F8C00318A30 = {
			fileRef = D473E31307E90F8C00318A30;
			isa = PBXBuildFile;
			settings = {
			};
		};
		D487109809203E8800F112CF = {
			fileEncoding = 30;
			isa = PBXFileReference;
			lastKnownFileType = sourcecode.cpp.cpp;
			name = ComicBookDir.cpp;
			path = src/ComicBookDir.cpp;
			refType = 4;
			sourceTree = "<group>";
		};
		D487109909203E8800F112CF = {
			fileEncoding = 30;
			isa = PBXFileReference;
			lastKnownFileType = sourcecode.c.h;
			name = ComicBookDir.h;
			path = src/ComicBookDir.h;
			refType = 4;
			sourceTree = "<group>";
		};
		D487109A09203E8800F112CF = {
			fileRef = D487109809203E8800F112CF;
			isa = PBXBuildFile;
			settings = {
			};
		};
		D487109B09203E8800F112CF = {
			fileRef = D487109909203E8800F112CF;
			isa = PBXBuildFile;
			settings = {
			};
		};
		D4AB356B096C4C03004C8398 = {
			isa = PBXFileReference;
			lastKnownFileType = archive.ar;
			name = libminiunzip.a;
			path = unzip/libminiunzip.a;
			refType = 4;
			sourceTree = "<group>";
		};
		D4AB356C096C4C03004C8398 = {
			fileRef = D4AB356B096C4C03004C8398;
			isa = PBXBuildFile;
			settings = {
			};
		};
//D40
//D41
//D42
//D43
//D44
//F70
//F71
//F72
//F73
//F74
		F70D16A2056C429001B74F27 = {
			isa = PBXFileReference;
			lastKnownFileType = sourcecode.cpp.cpp;
			name = ComicalApp.cpp;
			path = src/ComicalApp.cpp;
			refType = 4;
			sourceTree = "<group>";
		};
		F70D16A3056C429001B74F27 = {
			isa = PBXFileReference;
			lastKnownFileType = sourcecode.c.h;
			name = ComicalApp.h;
			path = src/ComicalApp.h;
			refType = 4;
			sourceTree = "<group>";
		};
		F70D16A4056C429001B74F27 = {
			isa = PBXFileReference;
			lastKnownFileType = sourcecode.cpp.cpp;
			name = ComicBook.cpp;
			path = src/ComicBook.cpp;
			refType = 4;
			sourceTree = "<group>";
		};
		F70D16A5056C429001B74F27 = {
			isa = PBXFileReference;
			lastKnownFileType = sourcecode.c.h;
			name = ComicBook.h;
			path = src/ComicBook.h;
			refType = 4;
			sourceTree = "<group>";
		};
		F70D16A6056C429001B74F27 = {
			isa = PBXFileReference;
			lastKnownFileType = sourcecode.cpp.cpp;
			name = ComicBookRAR.cpp;
			path = src/ComicBookRAR.cpp;
			refType = 4;
			sourceTree = "<group>";
		};
		F70D16A7056C429001B74F27 = {
			isa = PBXFileReference;
			lastKnownFileType = sourcecode.c.h;
			name = ComicBookRAR.h;
			path = src/ComicBookRAR.h;
			refType = 4;
			sourceTree = "<group>";
		};
		F70D16A8056C429001B74F27 = {
			isa = PBXFileReference;
			lastKnownFileType = sourcecode.cpp.cpp;
			name = ComicBookZIP.cpp;
			path = src/ComicBookZIP.cpp;
			refType = 4;
			sourceTree = "<group>";
		};
		F70D16A9056C429001B74F27 = {
			isa = PBXFileReference;
			lastKnownFileType = sourcecode.c.h;
			name = ComicBookZIP.h;
			path = src/ComicBookZIP.h;
			refType = 4;
			sourceTree = "<group>";
		};
		F70D16AA056C429001B74F27 = {
			fileRef = F70D16A2056C429001B74F27;
			isa = PBXBuildFile;
			settings = {
			};
		};
		F70D16AB056C429001B74F27 = {
			fileRef = F70D16A3056C429001B74F27;
			isa = PBXBuildFile;
			settings = {
			};
		};
		F70D16AC056C429001B74F27 = {
			fileRef = F70D16A4056C429001B74F27;
			isa = PBXBuildFile;
			settings = {
			};
		};
		F70D16AD056C429001B74F27 = {
			fileRef = F70D16A5056C429001B74F27;
			isa = PBXBuildFile;
			settings = {
			};
		};
		F70D16AE056C429001B74F27 = {
			fileRef = F70D16A6056C429001B74F27;
			isa = PBXBuildFile;
			settings = {
			};
		};
		F70D16AF056C429001B74F27 = {
			fileRef = F70D16A7056C429001B74F27;
			isa = PBXBuildFile;
			settings = {
			};
		};
		F70D16B0056C429001B74F27 = {
			fileRef = F70D16A8056C429001B74F27;
			isa = PBXBuildFile;
			settings = {
			};
		};
		F70D16B1056C429001B74F27 = {
			fileRef = F70D16A9056C429001B74F27;
			isa = PBXBuildFile;
			settings = {
			};
		};
	};
	rootObject = 20286C28FDCF999611CA2CEA;
}
